
Microsoft Visual Studio Solution File, Format Version 12.00
# Visual Studio Version 17
VisualStudioVersion = 17.14.36623.8 d17.14
MinimumVisualStudioVersion = 10.0.40219.1
Project("{FAE04EC0-301F-11D3-BF4B-00C04F79EFBC}") = "EXOformulaire", "EXOformulaire.csproj", "{2471701C-EE04-46A7-A167-7E4E2DC1122E}"
EndProject
Global
	GlobalSection(SolutionConfigurationPlatforms) = preSolution
		Debug|Any CPU = Debug|Any CPU
		Release|Any CPU = Release|Any CPU
	EndGlobalSection
	GlobalSection(ProjectConfigurationPlatforms) = postSolution
		{2471701C-EE04-46A7-A167-7E4E2DC1122E}.Debug|Any CPU.ActiveCfg = Debug|Any CPU
		{2471701C-EE04-46A7-A167-7E4E2DC1122E}.Debug|Any CPU.Build.0 = Debug|Any CPU
		{2471701C-EE04-46A7-A167-7E4E2DC1122E}.Release|Any CPU.ActiveCfg = Release|Any CPU
		{2471701C-EE04-46A7-A167-7E4E2DC1122E}.Release|Any CPU.Build.0 = Release|Any CPU
	EndGlobalSection
	GlobalSection(SolutionProperties) = preSolution
		HideSolutionNode = FALSE
	EndGlobalSection
	GlobalSection(ExtensibilityGlobals) = postSolution
		SolutionGuid = {3CE76428-38EC-4C4A-B55E-ABF42A1719FE}
	EndGlobalSection
EndGlobal
